PODS:
  - Brightcove-Player-SDK (4.1.9):
    - ReactiveCocoa (~> 2.1)
  - ReactiveCocoa (2.3.1):
    - ReactiveCocoa/UI
  - ReactiveCocoa/Core (2.3.1):
    - ReactiveCocoa/no-arc
  - ReactiveCocoa/no-arc (2.3.1)
  - ReactiveCocoa/UI (2.3.1):
    - ReactiveCocoa/Core

DEPENDENCIES:
  - Brightcove-Player-SDK (= 4.1.9)

SPEC CHECKSUMS:
  Brightcove-Player-SDK: 9394058b603db91beac994326124d2a46183feec
  ReactiveCocoa: dca75777b9d18990c8714a3a6f2149f29b4d1462

COCOAPODS: 0.33.1
